
Microsoft Visual Studio Solution File, Format Version 12.00
# Visual Studio 15
VisualStudioVersion = 15.0.28307.329
MinimumVisualStudioVersion = 10.0.40219.1
Project("{FAE04EC0-301F-11D3-BF4B-00C04F79EFBC}") = "Jobs.Manager", "Jobs.Manager\Jobs.Manager.csproj", "{0140AAA8-36FC-4DCD-BB56-D594437D71BC}"
EndProject
Project("{2150E333-8FDC-42A3-9474-1A3956D46DE8}") = "Tasks", "Tasks", "{D3A1D077-1921-4A1A-8AE6-ED3E01A2ACFD}"
EndProject
Project("{FAE04EC0-301F-11D3-BF4B-00C04F79EFBC}") = "DotnetPublish.Tasks", "Tasks\DotnetPublish.Tasks\DotnetPublish.Tasks.csproj", "{84564A85-F8A4-46F1-8F32-C955B1EC8D7C}"
EndProject
Project("{FAE04EC0-301F-11D3-BF4B-00C04F79EFBC}") = "SystemctlService.Tasks", "Tasks\SystemctlService.Tasks\SystemctlService.Tasks.csproj", "{0CDA19A4-1687-4DC0-8076-FDC67786F14B}"
EndProject
Project("{FAE04EC0-301F-11D3-BF4B-00C04F79EFBC}") = "Jobs.Tasks.Common", "Jobs.Tasks.Common\Jobs.Tasks.Common.csproj", "{89026ABA-3521-4B01-B243-46BCE5904D28}"
EndProject
Project("{FAE04EC0-301F-11D3-BF4B-00C04F79EFBC}") = "Jobs.Common", "Jobs.Common\Jobs.Common.csproj", "{E44C2029-D4A7-4D3D-9C31-291ADDFD7A72}"
EndProject
Global
	GlobalSection(SolutionConfigurationPlatforms) = preSolution
		Debug|Any CPU = Debug|Any CPU
		Release|Any CPU = Release|Any CPU
	EndGlobalSection
	GlobalSection(ProjectConfigurationPlatforms) = postSolution
		{0140AAA8-36FC-4DCD-BB56-D594437D71BC}.Debug|Any CPU.ActiveCfg = Debug|Any CPU
		{0140AAA8-36FC-4DCD-BB56-D594437D71BC}.Debug|Any CPU.Build.0 = Debug|Any CPU
		{0140AAA8-36FC-4DCD-BB56-D594437D71BC}.Release|Any CPU.ActiveCfg = Release|Any CPU
		{0140AAA8-36FC-4DCD-BB56-D594437D71BC}.Release|Any CPU.Build.0 = Release|Any CPU
		{84564A85-F8A4-46F1-8F32-C955B1EC8D7C}.Debug|Any CPU.ActiveCfg = Debug|Any CPU
		{84564A85-F8A4-46F1-8F32-C955B1EC8D7C}.Debug|Any CPU.Build.0 = Debug|Any CPU
		{84564A85-F8A4-46F1-8F32-C955B1EC8D7C}.Release|Any CPU.ActiveCfg = Release|Any CPU
		{84564A85-F8A4-46F1-8F32-C955B1EC8D7C}.Release|Any CPU.Build.0 = Release|Any CPU
		{0CDA19A4-1687-4DC0-8076-FDC67786F14B}.Debug|Any CPU.ActiveCfg = Debug|Any CPU
		{0CDA19A4-1687-4DC0-8076-FDC67786F14B}.Debug|Any CPU.Build.0 = Debug|Any CPU
		{0CDA19A4-1687-4DC0-8076-FDC67786F14B}.Release|Any CPU.ActiveCfg = Release|Any CPU
		{0CDA19A4-1687-4DC0-8076-FDC67786F14B}.Release|Any CPU.Build.0 = Release|Any CPU
		{89026ABA-3521-4B01-B243-46BCE5904D28}.Debug|Any CPU.ActiveCfg = Debug|Any CPU
		{89026ABA-3521-4B01-B243-46BCE5904D28}.Debug|Any CPU.Build.0 = Debug|Any CPU
		{89026ABA-3521-4B01-B243-46BCE5904D28}.Release|Any CPU.ActiveCfg = Release|Any CPU
		{89026ABA-3521-4B01-B243-46BCE5904D28}.Release|Any CPU.Build.0 = Release|Any CPU
		{E44C2029-D4A7-4D3D-9C31-291ADDFD7A72}.Debug|Any CPU.ActiveCfg = Debug|Any CPU
		{E44C2029-D4A7-4D3D-9C31-291ADDFD7A72}.Debug|Any CPU.Build.0 = Debug|Any CPU
		{E44C2029-D4A7-4D3D-9C31-291ADDFD7A72}.Release|Any CPU.ActiveCfg = Release|Any CPU
		{E44C2029-D4A7-4D3D-9C31-291ADDFD7A72}.Release|Any CPU.Build.0 = Release|Any CPU
	EndGlobalSection
	GlobalSection(SolutionProperties) = preSolution
		HideSolutionNode = FALSE
	EndGlobalSection
	GlobalSection(NestedProjects) = preSolution
		{84564A85-F8A4-46F1-8F32-C955B1EC8D7C} = {D3A1D077-1921-4A1A-8AE6-ED3E01A2ACFD}
		{0CDA19A4-1687-4DC0-8076-FDC67786F14B} = {D3A1D077-1921-4A1A-8AE6-ED3E01A2ACFD}
	EndGlobalSection
	GlobalSection(ExtensibilityGlobals) = postSolution
		SolutionGuid = {BCED1459-6BE8-4B26-9017-AE5236DC9599}
	EndGlobalSection
EndGlobal
